
Microsoft Visual Studio Solution File, Format Version 12.00
# Visual Studio Version 17
VisualStudioVersion = 17.1.32328.378
MinimumVisualStudioVersion = 10.0.40219.1
Project("{9A19103F-16F7-4668-BE54-9A1E7A4F7556}") = "WeightLossApp.Models", "WeightLossApp.Models\WeightLossApp.Models.csproj", "{4D4FA3B4-C6D9-4A1F-9E63-EE7FCDAC7C2F}"
EndProject
Project("{9A19103F-16F7-4668-BE54-9A1E7A4F7556}") = "WeightLossApp.Web", "WeightLossApp.Web\WeightLossApp.Web.csproj", "{56EE6D06-C587-4ED2-860D-185791587F23}"
EndProject
Project("{9A19103F-16F7-4668-BE54-9A1E7A4F7556}") = "WeightLossApp.Api", "WeightLossApp.Api\WeightLossApp.Api.csproj", "{5A6E7AB6-100B-4DA4-8112-81A4E47FA972}"
EndProject
Global
	GlobalSection(SolutionConfigurationPlatforms) = preSolution
		Debug|Any CPU = Debug|Any CPU
		Release|Any CPU = Release|Any CPU
	EndGlobalSection
	GlobalSection(ProjectConfigurationPlatforms) = postSolution
		{4D4FA3B4-C6D9-4A1F-9E63-EE7FCDAC7C2F}.Debug|Any CPU.ActiveCfg = Debug|Any CPU
		{4D4FA3B4-C6D9-4A1F-9E63-EE7FCDAC7C2F}.Debug|Any CPU.Build.0 = Debug|Any CPU
		{4D4FA3B4-C6D9-4A1F-9E63-EE7FCDAC7C2F}.Release|Any CPU.ActiveCfg = Release|Any CPU
		{4D4FA3B4-C6D9-4A1F-9E63-EE7FCDAC7C2F}.Release|Any CPU.Build.0 = Release|Any CPU
		{56EE6D06-C587-4ED2-860D-185791587F23}.Debug|Any CPU.ActiveCfg = Debug|Any CPU
		{56EE6D06-C587-4ED2-860D-185791587F23}.Debug|Any CPU.Build.0 = Debug|Any CPU
		{56EE6D06-C587-4ED2-860D-185791587F23}.Release|Any CPU.ActiveCfg = Release|Any CPU
		{56EE6D06-C587-4ED2-860D-185791587F23}.Release|Any CPU.Build.0 = Release|Any CPU
		{5A6E7AB6-100B-4DA4-8112-81A4E47FA972}.Debug|Any CPU.ActiveCfg = Debug|Any CPU
		{5A6E7AB6-100B-4DA4-8112-81A4E47FA972}.Debug|Any CPU.Build.0 = Debug|Any CPU
		{5A6E7AB6-100B-4DA4-8112-81A4E47FA972}.Release|Any CPU.ActiveCfg = Release|Any CPU
		{5A6E7AB6-100B-4DA4-8112-81A4E47FA972}.Release|Any CPU.Build.0 = Release|Any CPU
	EndGlobalSection
	GlobalSection(SolutionProperties) = preSolution
		HideSolutionNode = FALSE
	EndGlobalSection
	GlobalSection(ExtensibilityGlobals) = postSolution
		SolutionGuid = {6AFC57E9-D8FA-4379-8040-D393BAA94BEB}
	EndGlobalSection
EndGlobal
